{
  "name": "flowspace-bakery",
  "lockfileVersion": 2,
  "requires": true,
  "packages": {
    "": {
      "name": "flowspace-bakery",
      "dependencies": {
        "actioncable": "^5.2.6"
      },
      "devDependencies": {
        "cable_ready": "^5.0.0-pre3"
      }
    },
    "node_modules/actioncable": {
      "version": "5.2.6",
      "resolved": "https://registry.npmjs.org/actioncable/-/actioncable-5.2.6.tgz",
      "integrity": "sha512-ofLHm57nN24zghkl+tQe6IVrZeSJ655lNLQjNQJvtQkeTDqlF30McuMB4o9DqpxdHgW/w0RNWaAQHB6VPlleNQ=="
    },
    "node_modules/cable_ready": {
      "version": "5.0.0-pre3",
      "resolved": "https://registry.npmjs.org/cable_ready/-/cable_ready-5.0.0-pre3.tgz",
      "integrity": "sha512-jFjTJ/K/AiVIgjKr63qXGzp9xZOt2/2UyjVpkMkSzFyDHlYILOwnK4WofGwBKS6tXwDZMfohbIzW/p+LKbrlgA==",
      "dev": true,
      "dependencies": {
        "morphdom": "^2.6.1"
      }
    },
    "node_modules/morphdom": {
      "version": "2.6.1",
      "resolved": "https://registry.npmjs.org/morphdom/-/morphdom-2.6.1.tgz",
      "integrity": "sha512-Y8YRbAEP3eKykroIBWrjcfMw7mmwJfjhqdpSvoqinu8Y702nAwikpXcNFDiIkyvfCLxLM9Wu95RZqo4a9jFBaA==",
      "dev": true
    }
  },
  "dependencies": {
    "actioncable": {
      "version": "5.2.6",
      "resolved": "https://registry.npmjs.org/actioncable/-/actioncable-5.2.6.tgz",
      "integrity": "sha512-ofLHm57nN24zghkl+tQe6IVrZeSJ655lNLQjNQJvtQkeTDqlF30McuMB4o9DqpxdHgW/w0RNWaAQHB6VPlleNQ=="
    },
    "cable_ready": {
      "version": "5.0.0-pre3",
      "resolved": "https://registry.npmjs.org/cable_ready/-/cable_ready-5.0.0-pre3.tgz",
      "integrity": "sha512-jFjTJ/K/AiVIgjKr63qXGzp9xZOt2/2UyjVpkMkSzFyDHlYILOwnK4WofGwBKS6tXwDZMfohbIzW/p+LKbrlgA==",
      "dev": true,
      "requires": {
        "morphdom": "^2.6.1"
      }
    },
    "morphdom": {
      "version": "2.6.1",
      "resolved": "https://registry.npmjs.org/morphdom/-/morphdom-2.6.1.tgz",
      "integrity": "sha512-Y8YRbAEP3eKykroIBWrjcfMw7mmwJfjhqdpSvoqinu8Y702nAwikpXcNFDiIkyvfCLxLM9Wu95RZqo4a9jFBaA==",
      "dev": true
    }
  }
}
