# THIS IS AN AUTOGENERATED FILE. DO NOT EDIT THIS FILE DIRECTLY.
# yarn lockfile v1


"actioncable@^5.2.6":
  "integrity" "sha512-ofLHm57nN24zghkl+tQe6IVrZeSJ655lNLQjNQJvtQkeTDqlF30McuMB4o9DqpxdHgW/w0RNWaAQHB6VPlleNQ=="
  "resolved" "https://registry.npmjs.org/actioncable/-/actioncable-5.2.6.tgz"
  "version" "5.2.6"

"cable_ready@^5.0.0-pre3":
  "integrity" "sha512-jFjTJ/K/AiVIgjKr63qXGzp9xZOt2/2UyjVpkMkSzFyDHlYILOwnK4WofGwBKS6tXwDZMfohbIzW/p+LKbrlgA=="
  "resolved" "https://registry.npmjs.org/cable_ready/-/cable_ready-5.0.0-pre3.tgz"
  "version" "5.0.0-pre3"
  dependencies:
    "morphdom" "^2.6.1"

"morphdom@^2.6.1":
  "integrity" "sha512-Y8YRbAEP3eKykroIBWrjcfMw7mmwJfjhqdpSvoqinu8Y702nAwikpXcNFDiIkyvfCLxLM9Wu95RZqo4a9jFBaA=="
  "resolved" "https://registry.npmjs.org/morphdom/-/morphdom-2.6.1.tgz"
  "version" "2.6.1"
